
Microsoft Visual Studio Solution File, Format Version 12.00
# Visual Studio 14
VisualStudioVersion = 14.0.25123.0
MinimumVisualStudioVersion = 10.0.40219.1
Project("{151D2E53-A2C4-4D7D-83FE-D05416EBD58E}") = "Windows Server", "IaaSLab01\Windows Server.deployproj", "{761182B5-FEDE-490B-A062-C56A766EBBF0}"
EndProject
Project("{151D2E53-A2C4-4D7D-83FE-D05416EBD58E}") = "DomainController", "DomainController\DomainController.deployproj", "{127B9D61-18B2-4C3F-9181-497B90A4C78A}"
EndProject
Project("{151D2E53-A2C4-4D7D-83FE-D05416EBD58E}") = "Lab", "Lab\Lab.deployproj", "{1AF29D8E-84EB-4FD1-8BFD-2075762B1615}"
EndProject
Global
	GlobalSection(SolutionConfigurationPlatforms) = preSolution
		Debug|Any CPU = Debug|Any CPU
		Release|Any CPU = Release|Any CPU
	EndGlobalSection
	GlobalSection(ProjectConfigurationPlatforms) = postSolution
		{761182B5-FEDE-490B-A062-C56A766EBBF0}.Debug|Any CPU.ActiveCfg = Debug|Any CPU
		{761182B5-FEDE-490B-A062-C56A766EBBF0}.Debug|Any CPU.Build.0 = Debug|Any CPU
		{761182B5-FEDE-490B-A062-C56A766EBBF0}.Release|Any CPU.ActiveCfg = Release|Any CPU
		{761182B5-FEDE-490B-A062-C56A766EBBF0}.Release|Any CPU.Build.0 = Release|Any CPU
		{127B9D61-18B2-4C3F-9181-497B90A4C78A}.Debug|Any CPU.ActiveCfg = Debug|Any CPU
		{127B9D61-18B2-4C3F-9181-497B90A4C78A}.Debug|Any CPU.Build.0 = Debug|Any CPU
		{127B9D61-18B2-4C3F-9181-497B90A4C78A}.Release|Any CPU.ActiveCfg = Release|Any CPU
		{127B9D61-18B2-4C3F-9181-497B90A4C78A}.Release|Any CPU.Build.0 = Release|Any CPU
		{1AF29D8E-84EB-4FD1-8BFD-2075762B1615}.Debug|Any CPU.ActiveCfg = Debug|Any CPU
		{1AF29D8E-84EB-4FD1-8BFD-2075762B1615}.Debug|Any CPU.Build.0 = Debug|Any CPU
		{1AF29D8E-84EB-4FD1-8BFD-2075762B1615}.Release|Any CPU.ActiveCfg = Release|Any CPU
		{1AF29D8E-84EB-4FD1-8BFD-2075762B1615}.Release|Any CPU.Build.0 = Release|Any CPU
	EndGlobalSection
	GlobalSection(SolutionProperties) = preSolution
		HideSolutionNode = FALSE
	EndGlobalSection
EndGlobal
